
Microsoft Visual Studio Solution File, Format Version 11.00
# Visual Studio 2010
Project("{888888A0-9F3D-457C-B088-3A5042F75D52}") = "python", "python.pyproj", "{AE678089-5BBB-4488-A764-3022D1130AAE}"
EndProject
Global
	GlobalSection(SolutionConfigurationPlatforms) = preSolution
		Debug|Any CPU = Debug|Any CPU
		Release|Any CPU = Release|Any CPU
	EndGlobalSection
	GlobalSection(ProjectConfigurationPlatforms) = postSolution
		{AE678089-5BBB-4488-A764-3022D1130AAE}.Debug|Any CPU.ActiveCfg = Debug|Any CPU
		{AE678089-5BBB-4488-A764-3022D1130AAE}.Debug|Any CPU.Build.0 = Debug|Any CPU
		{AE678089-5BBB-4488-A764-3022D1130AAE}.Release|Any CPU.ActiveCfg = Release|Any CPU
		{AE678089-5BBB-4488-A764-3022D1130AAE}.Release|Any CPU.Build.0 = Release|Any CPU
	EndGlobalSection
	GlobalSection(SolutionProperties) = preSolution
		HideSolutionNode = FALSE
	EndGlobalSection
EndGlobal
