
Microsoft Visual Studio Solution File, Format Version 11.00
# Visual Studio 2010
Project("{8BC9CEB8-8B4A-11D0-8D11-00A0C91BC942}") = "Client (HL2MP)", "game\client\client_hl2mp-2010.vcxproj", "{17BCE59A-9037-EC8D-433E-F81339E2F1BA}"
	ProjectSection(ProjectDependencies) = postProject
		{EC1C516D-E1D9-BC0A-F79D-E91E954ED8EC} = {EC1C516D-E1D9-BC0A-F79D-E91E954ED8EC}
		{F69B3672-C5E8-CD1A-257F-253A25B5B939} = {F69B3672-C5E8-CD1A-257F-253A25B5B939}
		{BAB92FF0-D72A-D7E5-1988-74628D39B94F} = {BAB92FF0-D72A-D7E5-1988-74628D39B94F}
	EndProjectSection
EndProject
Project("{8BC9CEB8-8B4A-11D0-8D11-00A0C91BC942}") = "Server (HL2MP)", "game\server\server_hl2mp-2010.vcxproj", "{33B7DFDC-BECB-3678-1190-6C951E393EB3}"
	ProjectSection(ProjectDependencies) = postProject
		{EC1C516D-E1D9-BC0A-F79D-E91E954ED8EC} = {EC1C516D-E1D9-BC0A-F79D-E91E954ED8EC}
		{BAB92FF0-D72A-D7E5-1988-74628D39B94F} = {BAB92FF0-D72A-D7E5-1988-74628D39B94F}
	EndProjectSection
EndProject
Project("{8BC9CEB8-8B4A-11D0-8D11-00A0C91BC942}") = "mathlib", "mathlib\mathlib-2010.vcxproj", "{BAB92FF0-D72A-D7E5-1988-74628D39B94F}"
EndProject
Project("{8BC9CEB8-8B4A-11D0-8D11-00A0C91BC942}") = "tier1", "tier1\tier1-2010.vcxproj", "{EC1C516D-E1D9-BC0A-F79D-E91E954ED8EC}"
EndProject
Project("{8BC9CEB8-8B4A-11D0-8D11-00A0C91BC942}") = "Captioncompiler", "utils\captioncompiler\captioncompiler-2010.vcxproj", "{E85D01E5-DA1B-00A2-5D72-A9B6DEA9A995}"
	ProjectSection(ProjectDependencies) = postProject
		{EC1C516D-E1D9-BC0A-F79D-E91E954ED8EC} = {EC1C516D-E1D9-BC0A-F79D-E91E954ED8EC}
	EndProjectSection
EndProject
Project("{8BC9CEB8-8B4A-11D0-8D11-00A0C91BC942}") = "Glview", "utils\glview\glview-2010.vcxproj", "{DC76828F-1DD4-7E83-371E-EA4058FEE050}"
	ProjectSection(ProjectDependencies) = postProject
		{EC1C516D-E1D9-BC0A-F79D-E91E954ED8EC} = {EC1C516D-E1D9-BC0A-F79D-E91E954ED8EC}
	EndProjectSection
EndProject
Project("{8BC9CEB8-8B4A-11D0-8D11-00A0C91BC942}") = "Height2normal", "utils\height2normal\height2normal-2010.vcxproj", "{129A563E-9F48-79D9-E0C5-EE2DAF7FEAB7}"
	ProjectSection(ProjectDependencies) = postProject
		{EC1C516D-E1D9-BC0A-F79D-E91E954ED8EC} = {EC1C516D-E1D9-BC0A-F79D-E91E954ED8EC}
		{BAB92FF0-D72A-D7E5-1988-74628D39B94F} = {BAB92FF0-D72A-D7E5-1988-74628D39B94F}
	EndProjectSection
EndProject
Project("{8BC9CEB8-8B4A-11D0-8D11-00A0C91BC942}") = "Motionmapper", "utils\motionmapper\motionmapper-2010.vcxproj", "{C805838C-256D-6672-3417-589B6AF7D95E}"
	ProjectSection(ProjectDependencies) = postProject
		{EC1C516D-E1D9-BC0A-F79D-E91E954ED8EC} = {EC1C516D-E1D9-BC0A-F79D-E91E954ED8EC}
		{BAB92FF0-D72A-D7E5-1988-74628D39B94F} = {BAB92FF0-D72A-D7E5-1988-74628D39B94F}
	EndProjectSection
EndProject
Project("{8BC9CEB8-8B4A-11D0-8D11-00A0C91BC942}") = "Phonemeextractor", "utils\phonemeextractor\phonemeextractor-2010.vcxproj", "{079933D6-F849-3176-49FC-D50E4B461AC4}"
	ProjectSection(ProjectDependencies) = postProject
		{EC1C516D-E1D9-BC0A-F79D-E91E954ED8EC} = {EC1C516D-E1D9-BC0A-F79D-E91E954ED8EC}
	EndProjectSection
EndProject
Project("{8BC9CEB8-8B4A-11D0-8D11-00A0C91BC942}") = "QC_Eyes", "utils\qc_eyes\qc_eyes-2010.vcxproj", "{EA02FAE0-2A4F-C7C8-6176-5DEDA8E139E9}"
	ProjectSection(ProjectDependencies) = postProject
		{EC1C516D-E1D9-BC0A-F79D-E91E954ED8EC} = {EC1C516D-E1D9-BC0A-F79D-E91E954ED8EC}
		{BAB92FF0-D72A-D7E5-1988-74628D39B94F} = {BAB92FF0-D72A-D7E5-1988-74628D39B94F}
	EndProjectSection
EndProject
Project("{8BC9CEB8-8B4A-11D0-8D11-00A0C91BC942}") = "Serverplugin_empty", "utils\serverplugin_sample\serverplugin_empty-2010.vcxproj", "{394B82B6-3999-E576-5458-2D2EB4229509}"
	ProjectSection(ProjectDependencies) = postProject
		{EC1C516D-E1D9-BC0A-F79D-E91E954ED8EC} = {EC1C516D-E1D9-BC0A-F79D-E91E954ED8EC}
	EndProjectSection
EndProject
Project("{8BC9CEB8-8B4A-11D0-8D11-00A0C91BC942}") = "Tgadiff", "utils\tgadiff\tgadiff-2010.vcxproj", "{C6A1B4E3-DFD8-CD7B-5CBF-D3267A96FF21}"
	ProjectSection(ProjectDependencies) = postProject
		{EC1C516D-E1D9-BC0A-F79D-E91E954ED8EC} = {EC1C516D-E1D9-BC0A-F79D-E91E954ED8EC}
		{BAB92FF0-D72A-D7E5-1988-74628D39B94F} = {BAB92FF0-D72A-D7E5-1988-74628D39B94F}
	EndProjectSection
EndProject
Project("{8BC9CEB8-8B4A-11D0-8D11-00A0C91BC942}") = "Vbsp", "utils\vbsp\vbsp-2010.vcxproj", "{E4F39B89-9731-571D-B69D-C1B8FE56C056}"
	ProjectSection(ProjectDependencies) = postProject
		{EC1C516D-E1D9-BC0A-F79D-E91E954ED8EC} = {EC1C516D-E1D9-BC0A-F79D-E91E954ED8EC}
		{BAB92FF0-D72A-D7E5-1988-74628D39B94F} = {BAB92FF0-D72A-D7E5-1988-74628D39B94F}
	EndProjectSection
EndProject
Project("{8BC9CEB8-8B4A-11D0-8D11-00A0C91BC942}") = "Vice", "utils\vice\vice-2010.vcxproj", "{03F753C0-8BA5-FF2B-D7D2-EE230B4683B1}"
	ProjectSection(ProjectDependencies) = postProject
		{EC1C516D-E1D9-BC0A-F79D-E91E954ED8EC} = {EC1C516D-E1D9-BC0A-F79D-E91E954ED8EC}
		{BAB92FF0-D72A-D7E5-1988-74628D39B94F} = {BAB92FF0-D72A-D7E5-1988-74628D39B94F}
	EndProjectSection
EndProject
Project("{8BC9CEB8-8B4A-11D0-8D11-00A0C91BC942}") = "Vrad_dll", "utils\vrad\vrad_dll-2010.vcxproj", "{90A78BD4-2532-39D9-6D34-7A3C2648508C}"
	ProjectSection(ProjectDependencies) = postProject
		{EC1C516D-E1D9-BC0A-F79D-E91E954ED8EC} = {EC1C516D-E1D9-BC0A-F79D-E91E954ED8EC}
		{BAB92FF0-D72A-D7E5-1988-74628D39B94F} = {BAB92FF0-D72A-D7E5-1988-74628D39B94F}
	EndProjectSection
EndProject
Project("{8BC9CEB8-8B4A-11D0-8D11-00A0C91BC942}") = "Vrad_launcher", "utils\vrad_launcher\vrad_launcher-2010.vcxproj", "{0B6929D0-4447-E035-E47A-EBFCE557D5B3}"
	ProjectSection(ProjectDependencies) = postProject
		{EC1C516D-E1D9-BC0A-F79D-E91E954ED8EC} = {EC1C516D-E1D9-BC0A-F79D-E91E954ED8EC}
		{F69B3672-C5E8-CD1A-257F-253A25B5B939} = {F69B3672-C5E8-CD1A-257F-253A25B5B939}
		{90A78BD4-2532-39D9-6D34-7A3C2648508C} = {90A78BD4-2532-39D9-6D34-7A3C2648508C}
	EndProjectSection
EndProject
Project("{8BC9CEB8-8B4A-11D0-8D11-00A0C91BC942}") = "Vtf2tga", "utils\vtf2tga\vtf2tga-2010.vcxproj", "{6B017447-F682-A137-8DF4-4608281F2C9F}"
	ProjectSection(ProjectDependencies) = postProject
		{EC1C516D-E1D9-BC0A-F79D-E91E954ED8EC} = {EC1C516D-E1D9-BC0A-F79D-E91E954ED8EC}
		{BAB92FF0-D72A-D7E5-1988-74628D39B94F} = {BAB92FF0-D72A-D7E5-1988-74628D39B94F}
	EndProjectSection
EndProject
Project("{8BC9CEB8-8B4A-11D0-8D11-00A0C91BC942}") = "Vtfdiff", "utils\vtfdiff\vtfdiff-2010.vcxproj", "{81EE9F71-4DFD-8670-B3EA-7B4E931E9845}"
	ProjectSection(ProjectDependencies) = postProject
		{EC1C516D-E1D9-BC0A-F79D-E91E954ED8EC} = {EC1C516D-E1D9-BC0A-F79D-E91E954ED8EC}
		{BAB92FF0-D72A-D7E5-1988-74628D39B94F} = {BAB92FF0-D72A-D7E5-1988-74628D39B94F}
	EndProjectSection
EndProject
Project("{8BC9CEB8-8B4A-11D0-8D11-00A0C91BC942}") = "Vvis_dll", "utils\vvis\vvis_dll-2010.vcxproj", "{AC70A841-561F-4DAE-7864-E50541AD99ED}"
	ProjectSection(ProjectDependencies) = postProject
		{EC1C516D-E1D9-BC0A-F79D-E91E954ED8EC} = {EC1C516D-E1D9-BC0A-F79D-E91E954ED8EC}
		{BAB92FF0-D72A-D7E5-1988-74628D39B94F} = {BAB92FF0-D72A-D7E5-1988-74628D39B94F}
	EndProjectSection
EndProject
Project("{8BC9CEB8-8B4A-11D0-8D11-00A0C91BC942}") = "Vvis_launcher", "utils\vvis_launcher\vvis_launcher-2010.vcxproj", "{E3E2CF1C-9EE4-3173-C39F-D0D4F5483CB6}"
	ProjectSection(ProjectDependencies) = postProject
		{AC70A841-561F-4DAE-7864-E50541AD99ED} = {AC70A841-561F-4DAE-7864-E50541AD99ED}
	EndProjectSection
EndProject
Project("{8BC9CEB8-8B4A-11D0-8D11-00A0C91BC942}") = "vgui_controls", "vgui2\vgui_controls\vgui_controls-2010.vcxproj", "{F69B3672-C5E8-CD1A-257F-253A25B5B939}"
	ProjectSection(ProjectDependencies) = postProject
		{EC1C516D-E1D9-BC0A-F79D-E91E954ED8EC} = {EC1C516D-E1D9-BC0A-F79D-E91E954ED8EC}
		{BAB92FF0-D72A-D7E5-1988-74628D39B94F} = {BAB92FF0-D72A-D7E5-1988-74628D39B94F}
	EndProjectSection
EndProject
Global
	GlobalSection(SolutionConfigurationPlatforms) = preSolution
		Debug|Win32 = Debug|Win32
		Release|Win32 = Release|Win32
	EndGlobalSection
	GlobalSection(ProjectConfigurationPlatforms) = postSolution
		{17BCE59A-9037-EC8D-433E-F81339E2F1BA}.Debug|Win32.ActiveCfg = Debug|Win32
		{17BCE59A-9037-EC8D-433E-F81339E2F1BA}.Debug|Win32.Build.0 = Debug|Win32
		{17BCE59A-9037-EC8D-433E-F81339E2F1BA}.Release|Win32.ActiveCfg = Release|Win32
		{17BCE59A-9037-EC8D-433E-F81339E2F1BA}.Release|Win32.Build.0 = Release|Win32
		{33B7DFDC-BECB-3678-1190-6C951E393EB3}.Debug|Win32.ActiveCfg = Debug|Win32
		{33B7DFDC-BECB-3678-1190-6C951E393EB3}.Debug|Win32.Build.0 = Debug|Win32
		{33B7DFDC-BECB-3678-1190-6C951E393EB3}.Release|Win32.ActiveCfg = Release|Win32
		{33B7DFDC-BECB-3678-1190-6C951E393EB3}.Release|Win32.Build.0 = Release|Win32
		{BAB92FF0-D72A-D7E5-1988-74628D39B94F}.Debug|Win32.ActiveCfg = Debug|Win32
		{BAB92FF0-D72A-D7E5-1988-74628D39B94F}.Debug|Win32.Build.0 = Debug|Win32
		{BAB92FF0-D72A-D7E5-1988-74628D39B94F}.Release|Win32.ActiveCfg = Release|Win32
		{BAB92FF0-D72A-D7E5-1988-74628D39B94F}.Release|Win32.Build.0 = Release|Win32
		{EC1C516D-E1D9-BC0A-F79D-E91E954ED8EC}.Debug|Win32.ActiveCfg = Debug|Win32
		{EC1C516D-E1D9-BC0A-F79D-E91E954ED8EC}.Debug|Win32.Build.0 = Debug|Win32
		{EC1C516D-E1D9-BC0A-F79D-E91E954ED8EC}.Release|Win32.ActiveCfg = Release|Win32
		{EC1C516D-E1D9-BC0A-F79D-E91E954ED8EC}.Release|Win32.Build.0 = Release|Win32
		{E85D01E5-DA1B-00A2-5D72-A9B6DEA9A995}.Debug|Win32.ActiveCfg = Debug|Win32
		{E85D01E5-DA1B-00A2-5D72-A9B6DEA9A995}.Debug|Win32.Build.0 = Debug|Win32
		{E85D01E5-DA1B-00A2-5D72-A9B6DEA9A995}.Release|Win32.ActiveCfg = Release|Win32
		{E85D01E5-DA1B-00A2-5D72-A9B6DEA9A995}.Release|Win32.Build.0 = Release|Win32
		{DC76828F-1DD4-7E83-371E-EA4058FEE050}.Debug|Win32.ActiveCfg = Debug|Win32
		{DC76828F-1DD4-7E83-371E-EA4058FEE050}.Debug|Win32.Build.0 = Debug|Win32
		{DC76828F-1DD4-7E83-371E-EA4058FEE050}.Release|Win32.ActiveCfg = Release|Win32
		{DC76828F-1DD4-7E83-371E-EA4058FEE050}.Release|Win32.Build.0 = Release|Win32
		{129A563E-9F48-79D9-E0C5-EE2DAF7FEAB7}.Debug|Win32.ActiveCfg = Debug|Win32
		{129A563E-9F48-79D9-E0C5-EE2DAF7FEAB7}.Debug|Win32.Build.0 = Debug|Win32
		{129A563E-9F48-79D9-E0C5-EE2DAF7FEAB7}.Release|Win32.ActiveCfg = Release|Win32
		{129A563E-9F48-79D9-E0C5-EE2DAF7FEAB7}.Release|Win32.Build.0 = Release|Win32
		{C805838C-256D-6672-3417-589B6AF7D95E}.Debug|Win32.ActiveCfg = Debug|Win32
		{C805838C-256D-6672-3417-589B6AF7D95E}.Debug|Win32.Build.0 = Debug|Win32
		{C805838C-256D-6672-3417-589B6AF7D95E}.Release|Win32.ActiveCfg = Release|Win32
		{C805838C-256D-6672-3417-589B6AF7D95E}.Release|Win32.Build.0 = Release|Win32
		{079933D6-F849-3176-49FC-D50E4B461AC4}.Debug|Win32.ActiveCfg = Debug|Win32
		{079933D6-F849-3176-49FC-D50E4B461AC4}.Debug|Win32.Build.0 = Debug|Win32
		{079933D6-F849-3176-49FC-D50E4B461AC4}.Release|Win32.ActiveCfg = Release|Win32
		{079933D6-F849-3176-49FC-D50E4B461AC4}.Release|Win32.Build.0 = Release|Win32
		{EA02FAE0-2A4F-C7C8-6176-5DEDA8E139E9}.Debug|Win32.ActiveCfg = Debug|Win32
		{EA02FAE0-2A4F-C7C8-6176-5DEDA8E139E9}.Debug|Win32.Build.0 = Debug|Win32
		{EA02FAE0-2A4F-C7C8-6176-5DEDA8E139E9}.Release|Win32.ActiveCfg = Release|Win32
		{EA02FAE0-2A4F-C7C8-6176-5DEDA8E139E9}.Release|Win32.Build.0 = Release|Win32
		{394B82B6-3999-E576-5458-2D2EB4229509}.Debug|Win32.ActiveCfg = Debug|Win32
		{394B82B6-3999-E576-5458-2D2EB4229509}.Debug|Win32.Build.0 = Debug|Win32
		{394B82B6-3999-E576-5458-2D2EB4229509}.Release|Win32.ActiveCfg = Release|Win32
		{394B82B6-3999-E576-5458-2D2EB4229509}.Release|Win32.Build.0 = Release|Win32
		{C6A1B4E3-DFD8-CD7B-5CBF-D3267A96FF21}.Debug|Win32.ActiveCfg = Debug|Win32
		{C6A1B4E3-DFD8-CD7B-5CBF-D3267A96FF21}.Debug|Win32.Build.0 = Debug|Win32
		{C6A1B4E3-DFD8-CD7B-5CBF-D3267A96FF21}.Release|Win32.ActiveCfg = Release|Win32
		{C6A1B4E3-DFD8-CD7B-5CBF-D3267A96FF21}.Release|Win32.Build.0 = Release|Win32
		{E4F39B89-9731-571D-B69D-C1B8FE56C056}.Debug|Win32.ActiveCfg = Debug|Win32
		{E4F39B89-9731-571D-B69D-C1B8FE56C056}.Debug|Win32.Build.0 = Debug|Win32
		{E4F39B89-9731-571D-B69D-C1B8FE56C056}.Release|Win32.ActiveCfg = Release|Win32
		{E4F39B89-9731-571D-B69D-C1B8FE56C056}.Release|Win32.Build.0 = Release|Win32
		{03F753C0-8BA5-FF2B-D7D2-EE230B4683B1}.Debug|Win32.ActiveCfg = Debug|Win32
		{03F753C0-8BA5-FF2B-D7D2-EE230B4683B1}.Debug|Win32.Build.0 = Debug|Win32
		{03F753C0-8BA5-FF2B-D7D2-EE230B4683B1}.Release|Win32.ActiveCfg = Release|Win32
		{03F753C0-8BA5-FF2B-D7D2-EE230B4683B1}.Release|Win32.Build.0 = Release|Win32
		{90A78BD4-2532-39D9-6D34-7A3C2648508C}.Debug|Win32.ActiveCfg = Debug|Win32
		{90A78BD4-2532-39D9-6D34-7A3C2648508C}.Debug|Win32.Build.0 = Debug|Win32
		{90A78BD4-2532-39D9-6D34-7A3C2648508C}.Release|Win32.ActiveCfg = Release|Win32
		{90A78BD4-2532-39D9-6D34-7A3C2648508C}.Release|Win32.Build.0 = Release|Win32
		{0B6929D0-4447-E035-E47A-EBFCE557D5B3}.Debug|Win32.ActiveCfg = Debug|Win32
		{0B6929D0-4447-E035-E47A-EBFCE557D5B3}.Debug|Win32.Build.0 = Debug|Win32
		{0B6929D0-4447-E035-E47A-EBFCE557D5B3}.Release|Win32.ActiveCfg = Release|Win32
		{0B6929D0-4447-E035-E47A-EBFCE557D5B3}.Release|Win32.Build.0 = Release|Win32
		{6B017447-F682-A137-8DF4-4608281F2C9F}.Debug|Win32.ActiveCfg = Debug|Win32
		{6B017447-F682-A137-8DF4-4608281F2C9F}.Debug|Win32.Build.0 = Debug|Win32
		{6B017447-F682-A137-8DF4-4608281F2C9F}.Release|Win32.ActiveCfg = Release|Win32
		{6B017447-F682-A137-8DF4-4608281F2C9F}.Release|Win32.Build.0 = Release|Win32
		{81EE9F71-4DFD-8670-B3EA-7B4E931E9845}.Debug|Win32.ActiveCfg = Debug|Win32
		{81EE9F71-4DFD-8670-B3EA-7B4E931E9845}.Debug|Win32.Build.0 = Debug|Win32
		{81EE9F71-4DFD-8670-B3EA-7B4E931E9845}.Release|Win32.ActiveCfg = Release|Win32
		{81EE9F71-4DFD-8670-B3EA-7B4E931E9845}.Release|Win32.Build.0 = Release|Win32
		{AC70A841-561F-4DAE-7864-E50541AD99ED}.Debug|Win32.ActiveCfg = Debug|Win32
		{AC70A841-561F-4DAE-7864-E50541AD99ED}.Debug|Win32.Build.0 = Debug|Win32
		{AC70A841-561F-4DAE-7864-E50541AD99ED}.Release|Win32.ActiveCfg = Release|Win32
		{AC70A841-561F-4DAE-7864-E50541AD99ED}.Release|Win32.Build.0 = Release|Win32
		{E3E2CF1C-9EE4-3173-C39F-D0D4F5483CB6}.Debug|Win32.ActiveCfg = Debug|Win32
		{E3E2CF1C-9EE4-3173-C39F-D0D4F5483CB6}.Debug|Win32.Build.0 = Debug|Win32
		{E3E2CF1C-9EE4-3173-C39F-D0D4F5483CB6}.Release|Win32.ActiveCfg = Release|Win32
		{E3E2CF1C-9EE4-3173-C39F-D0D4F5483CB6}.Release|Win32.Build.0 = Release|Win32
		{F69B3672-C5E8-CD1A-257F-253A25B5B939}.Debug|Win32.ActiveCfg = Debug|Win32
		{F69B3672-C5E8-CD1A-257F-253A25B5B939}.Debug|Win32.Build.0 = Debug|Win32
		{F69B3672-C5E8-CD1A-257F-253A25B5B939}.Release|Win32.ActiveCfg = Release|Win32
		{F69B3672-C5E8-CD1A-257F-253A25B5B939}.Release|Win32.Build.0 = Release|Win32
	EndGlobalSection
	GlobalSection(SolutionProperties) = preSolution
		HideSolutionNode = FALSE
	EndGlobalSection
EndGlobal
