<?xml version="1.0" encoding="utf-8"?>
<Project ToolsVersion="4.0" xmlns="http://schemas.microsoft.com/developer/msbuild/2003">
  <ItemGroup>
    <Filter Include="Header Files">
      <UniqueIdentifier>{1680C80B-FF1E-EA4D-9817-CC12254F2E40}</UniqueIdentifier>
    </Filter>
    <Filter Include="Public Header Files">
      <UniqueIdentifier>{680EF60A-F852-B6F6-8E56-5693F8167FE5}</UniqueIdentifier>
    </Filter>
    <Filter Include="Source Files">
      <UniqueIdentifier>{BA03E055-4FA2-FCE3-8A1C-D348547D379C}</UniqueIdentifier>
    </Filter>
    <Filter Include="VPC Scripts">
      <UniqueIdentifier>{A40EE377-781A-C6B9-0C7C-B3BE118D248E}</UniqueIdentifier>
    </Filter>
  </ItemGroup>
  <ItemGroup>
  </ItemGroup>
  <ItemGroup>
    <ClInclude Include="3dnow.h">
      <Filter>Header Files</Filter>
    </ClInclude>
    <ClInclude Include="noisedata.h">
      <Filter>Header Files</Filter>
    </ClInclude>
    <ClInclude Include="sse.h">
      <Filter>Header Files</Filter>
    </ClInclude>
    <ClInclude Include="..\public\mathlib\amd3dx.h">
      <Filter>Public Header Files</Filter>
    </ClInclude>
    <ClInclude Include="..\public\mathlib\anorms.h">
      <Filter>Public Header Files</Filter>
    </ClInclude>
    <ClInclude Include="..\public\mathlib\bumpvects.h">
      <Filter>Public Header Files</Filter>
    </ClInclude>
    <ClInclude Include="..\public\mathlib\compressed_3d_unitvec.h">
      <Filter>Public Header Files</Filter>
    </ClInclude>
    <ClInclude Include="..\public\mathlib\compressed_light_cube.h">
      <Filter>Public Header Files</Filter>
    </ClInclude>
    <ClInclude Include="..\public\mathlib\compressed_vector.h">
      <Filter>Public Header Files</Filter>
    </ClInclude>
    <ClInclude Include="..\public\mathlib\halton.h">
      <Filter>Public Header Files</Filter>
    </ClInclude>
    <ClInclude Include="..\public\mathlib\IceKey.H">
      <Filter>Public Header Files</Filter>
    </ClInclude>
    <ClInclude Include="..\public\mathlib\lightdesc.h">
      <Filter>Public Header Files</Filter>
    </ClInclude>
    <ClInclude Include="..\public\mathlib\math_pfns.h">
      <Filter>Public Header Files</Filter>
    </ClInclude>
    <ClInclude Include="..\public\mathlib\mathlib.h">
      <Filter>Public Header Files</Filter>
    </ClInclude>
    <ClInclude Include="..\public\mathlib\noise.h">
      <Filter>Public Header Files</Filter>
    </ClInclude>
    <ClInclude Include="..\public\mathlib\polyhedron.h">
      <Filter>Public Header Files</Filter>
    </ClInclude>
    <ClInclude Include="..\public\mathlib\quantize.h">
      <Filter>Public Header Files</Filter>
    </ClInclude>
    <ClInclude Include="..\public\mathlib\simdvectormatrix.h">
      <Filter>Public Header Files</Filter>
    </ClInclude>
    <ClInclude Include="..\public\mathlib\spherical_geometry.h">
      <Filter>Public Header Files</Filter>
    </ClInclude>
    <ClInclude Include="..\public\mathlib\ssemath.h">
      <Filter>Public Header Files</Filter>
    </ClInclude>
    <ClInclude Include="..\public\mathlib\ssequaternion.h">
      <Filter>Public Header Files</Filter>
    </ClInclude>
    <ClInclude Include="..\public\mathlib\vector.h">
      <Filter>Public Header Files</Filter>
    </ClInclude>
    <ClInclude Include="..\public\mathlib\vector2d.h">
      <Filter>Public Header Files</Filter>
    </ClInclude>
    <ClInclude Include="..\public\mathlib\vector4d.h">
      <Filter>Public Header Files</Filter>
    </ClInclude>
    <ClInclude Include="..\public\mathlib\vmatrix.h">
      <Filter>Public Header Files</Filter>
    </ClInclude>
    <ClInclude Include="..\public\mathlib\vplane.h">
      <Filter>Public Header Files</Filter>
    </ClInclude>
  </ItemGroup>
  <ItemGroup>
    <ClCompile Include="3dnow.cpp">
      <Filter>Source Files</Filter>
    </ClCompile>
    <ClCompile Include="almostequal.cpp">
      <Filter>Source Files</Filter>
    </ClCompile>
    <ClCompile Include="anorms.cpp">
      <Filter>Source Files</Filter>
    </ClCompile>
    <ClCompile Include="bumpvects.cpp">
      <Filter>Source Files</Filter>
    </ClCompile>
    <ClCompile Include="color_conversion.cpp">
      <Filter>Source Files</Filter>
    </ClCompile>
    <ClCompile Include="halton.cpp">
      <Filter>Source Files</Filter>
    </ClCompile>
    <ClCompile Include="IceKey.cpp">
      <Filter>Source Files</Filter>
    </ClCompile>
    <ClCompile Include="imagequant.cpp">
      <Filter>Source Files</Filter>
    </ClCompile>
    <ClCompile Include="lightdesc.cpp">
      <Filter>Source Files</Filter>
    </ClCompile>
    <ClCompile Include="mathlib_base.cpp">
      <Filter>Source Files</Filter>
    </ClCompile>
    <ClCompile Include="polyhedron.cpp">
      <Filter>Source Files</Filter>
    </ClCompile>
    <ClCompile Include="powsse.cpp">
      <Filter>Source Files</Filter>
    </ClCompile>
    <ClCompile Include="quantize.cpp">
      <Filter>Source Files</Filter>
    </ClCompile>
    <ClCompile Include="randsse.cpp">
      <Filter>Source Files</Filter>
    </ClCompile>
    <ClCompile Include="simdvectormatrix.cpp">
      <Filter>Source Files</Filter>
    </ClCompile>
    <ClCompile Include="sparse_convolution_noise.cpp">
      <Filter>Source Files</Filter>
    </ClCompile>
    <ClCompile Include="spherical.cpp">
      <Filter>Source Files</Filter>
    </ClCompile>
    <ClCompile Include="sse.cpp">
      <Filter>Source Files</Filter>
    </ClCompile>
    <ClCompile Include="sseconst.cpp">
      <Filter>Source Files</Filter>
    </ClCompile>
    <ClCompile Include="ssenoise.cpp">
      <Filter>Source Files</Filter>
    </ClCompile>
    <ClCompile Include="vector.cpp">
      <Filter>Source Files</Filter>
    </ClCompile>
    <ClCompile Include="vmatrix.cpp">
      <Filter>Source Files</Filter>
    </ClCompile>
  </ItemGroup>
  <ItemGroup>
  </ItemGroup>
  <ItemGroup>
    <CustomBuild Include="mathlib.vpc">
      <Filter>VPC Scripts</Filter>
    </CustomBuild>
  </ItemGroup>
  <ItemGroup>
    <None Include="..\vpc_scripts\platform_dirs.vpc">
      <Filter>VPC Scripts</Filter>
    </None>
    <None Include="..\vpc_scripts\source_base.vpc">
      <Filter>VPC Scripts</Filter>
    </None>
    <None Include="..\vpc_scripts\source_lib_base.vpc">
      <Filter>VPC Scripts</Filter>
    </None>
    <None Include="..\vpc_scripts\source_lib_win32_base.vpc">
      <Filter>VPC Scripts</Filter>
    </None>
    <None Include="..\vpc_scripts\source_lib_win32_debug.vpc">
      <Filter>VPC Scripts</Filter>
    </None>
    <None Include="..\vpc_scripts\source_lib_win32_release.vpc">
      <Filter>VPC Scripts</Filter>
    </None>
    <None Include="..\vpc_scripts\source_video_base.vpc">
      <Filter>VPC Scripts</Filter>
    </None>
    <None Include="..\vpc_scripts\source_win32_base.vpc">
      <Filter>VPC Scripts</Filter>
    </None>
    <None Include="..\vpc_scripts\version.vpc">
      <Filter>VPC Scripts</Filter>
    </None>
  </ItemGroup>
</Project>
