<?xml version="1.0" encoding="utf-8"?>
<Project ToolsVersion="4.0" xmlns="http://schemas.microsoft.com/developer/msbuild/2003">
  <ItemGroup>
    <Filter Include="Header Files">
      <UniqueIdentifier>{1680C80B-FF1E-EA4D-9817-CC12254F2E40}</UniqueIdentifier>
    </Filter>
    <Filter Include="Header Files\Internal Header Files">
      <UniqueIdentifier>{82D97A15-B2F0-1D81-D6D4-97637C1216E9}</UniqueIdentifier>
    </Filter>
    <Filter Include="Source Files">
      <UniqueIdentifier>{BA03E055-4FA2-FCE3-8A1C-D348547D379C}</UniqueIdentifier>
    </Filter>
    <Filter Include="VPC Scripts">
      <UniqueIdentifier>{A40EE377-781A-C6B9-0C7C-B3BE118D248E}</UniqueIdentifier>
    </Filter>
  </ItemGroup>
  <ItemGroup>
  </ItemGroup>
  <ItemGroup>
    <ClInclude Include="..\public\tier1\bitbuf.h">
      <Filter>Header Files</Filter>
    </ClInclude>
    <ClInclude Include="..\public\tier1\byteswap.h">
      <Filter>Header Files</Filter>
    </ClInclude>
    <ClInclude Include="..\public\tier1\callqueue.h">
      <Filter>Header Files</Filter>
    </ClInclude>
    <ClInclude Include="..\public\tier1\characterset.h">
      <Filter>Header Files</Filter>
    </ClInclude>
    <ClInclude Include="..\public\tier1\checksum_crc.h">
      <Filter>Header Files</Filter>
    </ClInclude>
    <ClInclude Include="..\public\tier1\checksum_md5.h">
      <Filter>Header Files</Filter>
    </ClInclude>
    <ClInclude Include="..\public\tier1\checksum_sha1.h">
      <Filter>Header Files</Filter>
    </ClInclude>
    <ClInclude Include="..\public\tier1\CommandBuffer.h">
      <Filter>Header Files</Filter>
    </ClInclude>
    <ClInclude Include="..\public\tier1\convar.h">
      <Filter>Header Files</Filter>
    </ClInclude>
    <ClInclude Include="..\public\tier1\datamanager.h">
      <Filter>Header Files</Filter>
    </ClInclude>
    <ClInclude Include="..\public\datamap.h">
      <Filter>Header Files</Filter>
    </ClInclude>
    <ClInclude Include="..\public\tier1\delegates.h">
      <Filter>Header Files</Filter>
    </ClInclude>
    <ClInclude Include="..\public\tier1\diff.h">
      <Filter>Header Files</Filter>
    </ClInclude>
    <ClInclude Include="..\public\tier1\fmtstr.h">
      <Filter>Header Files</Filter>
    </ClInclude>
    <ClInclude Include="..\public\tier1\functors.h">
      <Filter>Header Files</Filter>
    </ClInclude>
    <ClInclude Include="..\public\tier1\generichash.h">
      <Filter>Header Files</Filter>
    </ClInclude>
    <ClInclude Include="..\public\tier1\iconvar.h">
      <Filter>Header Files</Filter>
    </ClInclude>
    <ClInclude Include="..\public\tier1\ilocalize.h">
      <Filter>Header Files</Filter>
    </ClInclude>
    <ClInclude Include="..\public\tier1\interface.h">
      <Filter>Header Files</Filter>
    </ClInclude>
    <ClInclude Include="..\public\tier1\KeyValues.h">
      <Filter>Header Files</Filter>
    </ClInclude>
    <ClInclude Include="..\public\tier1\kvpacker.h">
      <Filter>Header Files</Filter>
    </ClInclude>
    <ClInclude Include="..\public\tier1\lzmaDecoder.h">
      <Filter>Header Files</Filter>
    </ClInclude>
    <ClInclude Include="..\public\tier1\lzss.h">
      <Filter>Header Files</Filter>
    </ClInclude>
    <ClInclude Include="..\public\tier1\mempool.h">
      <Filter>Header Files</Filter>
    </ClInclude>
    <ClInclude Include="..\public\tier1\memstack.h">
      <Filter>Header Files</Filter>
    </ClInclude>
    <ClInclude Include="..\public\tier1\netadr.h">
      <Filter>Header Files</Filter>
    </ClInclude>
    <ClInclude Include="..\public\tier1\processor_detect.h">
      <Filter>Header Files</Filter>
    </ClInclude>
    <ClInclude Include="..\public\tier1\rangecheckedvar.h">
      <Filter>Header Files</Filter>
    </ClInclude>
    <ClInclude Include="..\public\tier1\refcount.h">
      <Filter>Header Files</Filter>
    </ClInclude>
    <ClInclude Include="..\public\tier1\smartptr.h">
      <Filter>Header Files</Filter>
    </ClInclude>
    <ClInclude Include="..\public\tier1\snappy-sinksource.h">
      <Filter>Header Files</Filter>
    </ClInclude>
    <ClInclude Include="..\public\tier1\snappy.h">
      <Filter>Header Files</Filter>
    </ClInclude>
    <ClInclude Include="..\public\tier1\stringpool.h">
      <Filter>Header Files</Filter>
    </ClInclude>
    <ClInclude Include="..\public\tier1\strtools.h">
      <Filter>Header Files</Filter>
    </ClInclude>
    <ClInclude Include="..\public\tier1\tier1.h">
      <Filter>Header Files</Filter>
    </ClInclude>
    <ClInclude Include="..\public\tier1\tokenreader.h">
      <Filter>Header Files</Filter>
    </ClInclude>
    <ClInclude Include="..\public\tier1\uniqueid.h">
      <Filter>Header Files</Filter>
    </ClInclude>
    <ClInclude Include="..\public\tier1\utlbidirectionalset.h">
      <Filter>Header Files</Filter>
    </ClInclude>
    <ClInclude Include="..\public\tier1\utlblockmemory.h">
      <Filter>Header Files</Filter>
    </ClInclude>
    <ClInclude Include="..\public\tier1\utlbuffer.h">
      <Filter>Header Files</Filter>
    </ClInclude>
    <ClInclude Include="..\public\tier1\utlbufferutil.h">
      <Filter>Header Files</Filter>
    </ClInclude>
    <ClInclude Include="..\public\tier1\utlcommon.h">
      <Filter>Header Files</Filter>
    </ClInclude>
    <ClInclude Include="..\public\tier1\utldict.h">
      <Filter>Header Files</Filter>
    </ClInclude>
    <ClInclude Include="..\public\tier1\utlenvelope.h">
      <Filter>Header Files</Filter>
    </ClInclude>
    <ClInclude Include="..\public\tier1\utlfixedmemory.h">
      <Filter>Header Files</Filter>
    </ClInclude>
    <ClInclude Include="..\public\tier1\utlhandletable.h">
      <Filter>Header Files</Filter>
    </ClInclude>
    <ClInclude Include="..\public\tier1\utlhash.h">
      <Filter>Header Files</Filter>
    </ClInclude>
    <ClInclude Include="..\public\tier1\utlhashtable.h">
      <Filter>Header Files</Filter>
    </ClInclude>
    <ClInclude Include="..\public\tier1\utllinkedlist.h">
      <Filter>Header Files</Filter>
    </ClInclude>
    <ClInclude Include="..\public\tier1\utlmap.h">
      <Filter>Header Files</Filter>
    </ClInclude>
    <ClInclude Include="..\public\tier1\utlmemory.h">
      <Filter>Header Files</Filter>
    </ClInclude>
    <ClInclude Include="..\public\tier1\utlmultilist.h">
      <Filter>Header Files</Filter>
    </ClInclude>
    <ClInclude Include="..\public\tier1\utlpriorityqueue.h">
      <Filter>Header Files</Filter>
    </ClInclude>
    <ClInclude Include="..\public\tier1\utlqueue.h">
      <Filter>Header Files</Filter>
    </ClInclude>
    <ClInclude Include="..\public\tier1\utlrbtree.h">
      <Filter>Header Files</Filter>
    </ClInclude>
    <ClInclude Include="..\public\tier1\UtlSortVector.h">
      <Filter>Header Files</Filter>
    </ClInclude>
    <ClInclude Include="..\public\tier1\utlstack.h">
      <Filter>Header Files</Filter>
    </ClInclude>
    <ClInclude Include="..\public\tier1\utlstring.h">
      <Filter>Header Files</Filter>
    </ClInclude>
    <ClInclude Include="..\public\tier1\UtlStringMap.h">
      <Filter>Header Files</Filter>
    </ClInclude>
    <ClInclude Include="..\public\tier1\utlsymbol.h">
      <Filter>Header Files</Filter>
    </ClInclude>
    <ClInclude Include="..\public\tier1\utlsymbollarge.h">
      <Filter>Header Files</Filter>
    </ClInclude>
    <ClInclude Include="..\public\tier1\utlvector.h">
      <Filter>Header Files</Filter>
    </ClInclude>
    <ClInclude Include="..\common\xbox\xboxstubs.h">
      <Filter>Header Files</Filter>
    </ClInclude>
    <ClInclude Include="snappy-internal.h">
      <Filter>Header Files\Internal Header Files</Filter>
    </ClInclude>
    <ClInclude Include="snappy-stubs-internal.h">
      <Filter>Header Files\Internal Header Files</Filter>
    </ClInclude>
  </ItemGroup>
  <ItemGroup>
    <ClCompile Include="bitbuf.cpp">
      <Filter>Source Files</Filter>
    </ClCompile>
    <ClCompile Include="byteswap.cpp">
      <Filter>Source Files</Filter>
    </ClCompile>
    <ClCompile Include="characterset.cpp">
      <Filter>Source Files</Filter>
    </ClCompile>
    <ClCompile Include="checksum_crc.cpp">
      <Filter>Source Files</Filter>
    </ClCompile>
    <ClCompile Include="checksum_md5.cpp">
      <Filter>Source Files</Filter>
    </ClCompile>
    <ClCompile Include="checksum_sha1.cpp">
      <Filter>Source Files</Filter>
    </ClCompile>
    <ClCompile Include="commandbuffer.cpp">
      <Filter>Source Files</Filter>
    </ClCompile>
    <ClCompile Include="convar.cpp">
      <Filter>Source Files</Filter>
    </ClCompile>
    <ClCompile Include="datamanager.cpp">
      <Filter>Source Files</Filter>
    </ClCompile>
    <ClCompile Include="diff.cpp">
      <Filter>Source Files</Filter>
    </ClCompile>
    <ClCompile Include="generichash.cpp">
      <Filter>Source Files</Filter>
    </ClCompile>
    <ClCompile Include="ilocalize.cpp">
      <Filter>Source Files</Filter>
    </ClCompile>
    <ClCompile Include="interface.cpp">
      <Filter>Source Files</Filter>
    </ClCompile>
    <ClCompile Include="KeyValues.cpp">
      <Filter>Source Files</Filter>
    </ClCompile>
    <ClCompile Include="kvpacker.cpp">
      <Filter>Source Files</Filter>
    </ClCompile>
    <ClCompile Include="lzmaDecoder.cpp">
      <Filter>Source Files</Filter>
    </ClCompile>
    <ClCompile Include="mempool.cpp">
      <Filter>Source Files</Filter>
    </ClCompile>
    <ClCompile Include="memstack.cpp">
      <Filter>Source Files</Filter>
    </ClCompile>
    <ClCompile Include="NetAdr.cpp">
      <Filter>Source Files</Filter>
    </ClCompile>
    <ClCompile Include="newbitbuf.cpp">
      <Filter>Source Files</Filter>
    </ClCompile>
    <ClCompile Include="processor_detect.cpp">
      <Filter>Source Files</Filter>
    </ClCompile>
    <ClCompile Include="rangecheckedvar.cpp">
      <Filter>Source Files</Filter>
    </ClCompile>
    <ClCompile Include="reliabletimer.cpp">
      <Filter>Source Files</Filter>
    </ClCompile>
    <ClCompile Include="snappy-sinksource.cpp">
      <Filter>Source Files</Filter>
    </ClCompile>
    <ClCompile Include="snappy-stubs-internal.cpp">
      <Filter>Source Files</Filter>
    </ClCompile>
    <ClCompile Include="snappy.cpp">
      <Filter>Source Files</Filter>
    </ClCompile>
    <ClCompile Include="sparsematrix.cpp">
      <Filter>Source Files</Filter>
    </ClCompile>
    <ClCompile Include="splitstring.cpp">
      <Filter>Source Files</Filter>
    </ClCompile>
    <ClCompile Include="stringpool.cpp">
      <Filter>Source Files</Filter>
    </ClCompile>
    <ClCompile Include="strtools.cpp">
      <Filter>Source Files</Filter>
    </ClCompile>
    <ClCompile Include="tier1.cpp">
      <Filter>Source Files</Filter>
    </ClCompile>
    <ClCompile Include="tokenreader.cpp">
      <Filter>Source Files</Filter>
    </ClCompile>
    <ClCompile Include="uniqueid.cpp">
      <Filter>Source Files</Filter>
    </ClCompile>
    <ClCompile Include="utlbuffer.cpp">
      <Filter>Source Files</Filter>
    </ClCompile>
    <ClCompile Include="utlbufferutil.cpp">
      <Filter>Source Files</Filter>
    </ClCompile>
    <ClCompile Include="utlstring.cpp">
      <Filter>Source Files</Filter>
    </ClCompile>
    <ClCompile Include="utlsymbol.cpp">
      <Filter>Source Files</Filter>
    </ClCompile>
  </ItemGroup>
  <ItemGroup>
  </ItemGroup>
  <ItemGroup>
    <CustomBuild Include="tier1.vpc">
      <Filter>VPC Scripts</Filter>
    </CustomBuild>
  </ItemGroup>
  <ItemGroup>
    <None Include="..\vpc_scripts\platform_dirs.vpc">
      <Filter>VPC Scripts</Filter>
    </None>
    <None Include="..\vpc_scripts\source_base.vpc">
      <Filter>VPC Scripts</Filter>
    </None>
    <None Include="..\vpc_scripts\source_lib_base.vpc">
      <Filter>VPC Scripts</Filter>
    </None>
    <None Include="..\vpc_scripts\source_lib_win32_base.vpc">
      <Filter>VPC Scripts</Filter>
    </None>
    <None Include="..\vpc_scripts\source_lib_win32_debug.vpc">
      <Filter>VPC Scripts</Filter>
    </None>
    <None Include="..\vpc_scripts\source_lib_win32_release.vpc">
      <Filter>VPC Scripts</Filter>
    </None>
    <None Include="..\vpc_scripts\source_video_base.vpc">
      <Filter>VPC Scripts</Filter>
    </None>
    <None Include="..\vpc_scripts\source_win32_base.vpc">
      <Filter>VPC Scripts</Filter>
    </None>
    <None Include="..\vpc_scripts\version.vpc">
      <Filter>VPC Scripts</Filter>
    </None>
  </ItemGroup>
</Project>
